
Microsoft Visual Studio Solution File, Format Version 12.00
# Visual Studio Version 16
VisualStudioVersion = 16.0.29418.71
MinimumVisualStudioVersion = 10.0.40219.1
Project("{FAE04EC0-301F-11D3-BF4B-00C04F79EFBC}") = "Project", "Project.csproj", "{710125CC-2D91-4D5B-8C52-827994B30A13}"
EndProject
Global
	GlobalSection(SolutionConfigurationPlatforms) = preSolution
		Debug|Any CPU = Debug|Any CPU
		Release|Any CPU = Release|Any CPU
	EndGlobalSection
	GlobalSection(ProjectConfigurationPlatforms) = postSolution
		{710125CC-2D91-4D5B-8C52-827994B30A13}.Debug|Any CPU.ActiveCfg = Debug|Any CPU
		{710125CC-2D91-4D5B-8C52-827994B30A13}.Debug|Any CPU.Build.0 = Debug|Any CPU
		{710125CC-2D91-4D5B-8C52-827994B30A13}.Release|Any CPU.ActiveCfg = Release|Any CPU
		{710125CC-2D91-4D5B-8C52-827994B30A13}.Release|Any CPU.Build.0 = Release|Any CPU
	EndGlobalSection
	GlobalSection(SolutionProperties) = preSolution
		HideSolutionNode = FALSE
	EndGlobalSection
	GlobalSection(ExtensibilityGlobals) = postSolution
		SolutionGuid = {F4704147-1847-4AC8-A714-D6C056148E93}
	EndGlobalSection
EndGlobal
